
Microsoft Visual Studio Solution File, Format Version 10.00
# Visual Studio 2008
Project("{8BC9CEB8-8B4A-11D0-8D11-00A0C91BC942}") = "vsthost", "vsthost.08.vcproj", "{C6EA0E6A-1A96-4B8E-A6B1-67B4B227DD36}"
EndProject
Global
	GlobalSection(SolutionConfigurationPlatforms) = preSolution
		Debug|Win32 = Debug|Win32
		Release Trace|Win32 = Release Trace|Win32
		Release|Win32 = Release|Win32
	EndGlobalSection
	GlobalSection(ProjectConfigurationPlatforms) = postSolution
		{C6EA0E6A-1A96-4B8E-A6B1-67B4B227DD36}.Debug|Win32.ActiveCfg = Debug|Win32
		{C6EA0E6A-1A96-4B8E-A6B1-67B4B227DD36}.Debug|Win32.Build.0 = Debug|Win32
		{C6EA0E6A-1A96-4B8E-A6B1-67B4B227DD36}.Release Trace|Win32.ActiveCfg = Release Trace|Win32
		{C6EA0E6A-1A96-4B8E-A6B1-67B4B227DD36}.Release Trace|Win32.Build.0 = Release Trace|Win32
		{C6EA0E6A-1A96-4B8E-A6B1-67B4B227DD36}.Release|Win32.ActiveCfg = Release|Win32
		{C6EA0E6A-1A96-4B8E-A6B1-67B4B227DD36}.Release|Win32.Build.0 = Release|Win32
	EndGlobalSection
	GlobalSection(SolutionProperties) = preSolution
		HideSolutionNode = FALSE
	EndGlobalSection
EndGlobal
